
Microsoft Visual Studio Solution File, Format Version 12.00
# Visual Studio Version 16
VisualStudioVersion = 16.0.29709.97
MinimumVisualStudioVersion = 10.0.40219.1
Project("{FAE04EC0-301F-11D3-BF4B-00C04F79EFBC}") = "EmployeeRecord", "EmployeeRecord\EmployeeRecord.csproj", "{F857D233-80AE-460F-8C11-E27388BE1191}"
EndProject
Global
	GlobalSection(SolutionConfigurationPlatforms) = preSolution
		Debug|Any CPU = Debug|Any CPU
		Release|Any CPU = Release|Any CPU
	EndGlobalSection
	GlobalSection(ProjectConfigurationPlatforms) = postSolution
		{F857D233-80AE-460F-8C11-E27388BE1191}.Debug|Any CPU.ActiveCfg = Debug|Any CPU
		{F857D233-80AE-460F-8C11-E27388BE1191}.Debug|Any CPU.Build.0 = Debug|Any CPU
		{F857D233-80AE-460F-8C11-E27388BE1191}.Release|Any CPU.ActiveCfg = Release|Any CPU
		{F857D233-80AE-460F-8C11-E27388BE1191}.Release|Any CPU.Build.0 = Release|Any CPU
	EndGlobalSection
	GlobalSection(SolutionProperties) = preSolution
		HideSolutionNode = FALSE
	EndGlobalSection
	GlobalSection(ExtensibilityGlobals) = postSolution
		SolutionGuid = {8CF195BA-5649-48E5-A039-19A05FA0660E}
	EndGlobalSection
EndGlobal
