
Microsoft Visual Studio Solution File, Format Version 12.00
# Visual Studio Version 16
VisualStudioVersion = 16.0.29709.97
MinimumVisualStudioVersion = 10.0.40219.1
Project("{FAE04EC0-301F-11D3-BF4B-00C04F79EFBC}") = "Conversor", "Conversor\Conversor.csproj", "{72EC9993-CBBE-4C51-9657-95F5C9E118A2}"
EndProject
Global
	GlobalSection(SolutionConfigurationPlatforms) = preSolution
		Debug|Any CPU = Debug|Any CPU
		Release|Any CPU = Release|Any CPU
	EndGlobalSection
	GlobalSection(ProjectConfigurationPlatforms) = postSolution
		{72EC9993-CBBE-4C51-9657-95F5C9E118A2}.Debug|Any CPU.ActiveCfg = Debug|Any CPU
		{72EC9993-CBBE-4C51-9657-95F5C9E118A2}.Debug|Any CPU.Build.0 = Debug|Any CPU
		{72EC9993-CBBE-4C51-9657-95F5C9E118A2}.Release|Any CPU.ActiveCfg = Release|Any CPU
		{72EC9993-CBBE-4C51-9657-95F5C9E118A2}.Release|Any CPU.Build.0 = Release|Any CPU
	EndGlobalSection
	GlobalSection(SolutionProperties) = preSolution
		HideSolutionNode = FALSE
	EndGlobalSection
	GlobalSection(ExtensibilityGlobals) = postSolution
		SolutionGuid = {0786C1A8-CEC2-4000-B656-E9F6E7BC189F}
	EndGlobalSection
EndGlobal
