
Microsoft Visual Studio Solution File, Format Version 12.00
# Visual Studio Version 16
VisualStudioVersion = 16.0.29709.97
MinimumVisualStudioVersion = 10.0.40219.1
Project("{FAE04EC0-301F-11D3-BF4B-00C04F79EFBC}") = "UsandoStreamWriter", "UsandoStreamWriter\UsandoStreamWriter.csproj", "{64FFB1D9-51D9-4DCE-8735-6E6E8339E5B4}"
EndProject
Global
	GlobalSection(SolutionConfigurationPlatforms) = preSolution
		Debug|Any CPU = Debug|Any CPU
		Release|Any CPU = Release|Any CPU
	EndGlobalSection
	GlobalSection(ProjectConfigurationPlatforms) = postSolution
		{64FFB1D9-51D9-4DCE-8735-6E6E8339E5B4}.Debug|Any CPU.ActiveCfg = Debug|Any CPU
		{64FFB1D9-51D9-4DCE-8735-6E6E8339E5B4}.Debug|Any CPU.Build.0 = Debug|Any CPU
		{64FFB1D9-51D9-4DCE-8735-6E6E8339E5B4}.Release|Any CPU.ActiveCfg = Release|Any CPU
		{64FFB1D9-51D9-4DCE-8735-6E6E8339E5B4}.Release|Any CPU.Build.0 = Release|Any CPU
	EndGlobalSection
	GlobalSection(SolutionProperties) = preSolution
		HideSolutionNode = FALSE
	EndGlobalSection
	GlobalSection(ExtensibilityGlobals) = postSolution
		SolutionGuid = {AB13D4E3-830A-44D2-83E2-716D8D8D980C}
	EndGlobalSection
EndGlobal
