
Microsoft Visual Studio Solution File, Format Version 12.00
# Visual Studio Version 16
VisualStudioVersion = 16.0.29709.97
MinimumVisualStudioVersion = 10.0.40219.1
Project("{FAE04EC0-301F-11D3-BF4B-00C04F79EFBC}") = "TrabalhandoComIterfaces", "TrabalhandoComIterfaces\TrabalhandoComIterfaces.csproj", "{1B39884D-9D94-4333-AFFF-A9D9187DC0BA}"
EndProject
Global
	GlobalSection(SolutionConfigurationPlatforms) = preSolution
		Debug|Any CPU = Debug|Any CPU
		Release|Any CPU = Release|Any CPU
	EndGlobalSection
	GlobalSection(ProjectConfigurationPlatforms) = postSolution
		{1B39884D-9D94-4333-AFFF-A9D9187DC0BA}.Debug|Any CPU.ActiveCfg = Debug|Any CPU
		{1B39884D-9D94-4333-AFFF-A9D9187DC0BA}.Debug|Any CPU.Build.0 = Debug|Any CPU
		{1B39884D-9D94-4333-AFFF-A9D9187DC0BA}.Release|Any CPU.ActiveCfg = Release|Any CPU
		{1B39884D-9D94-4333-AFFF-A9D9187DC0BA}.Release|Any CPU.Build.0 = Release|Any CPU
	EndGlobalSection
	GlobalSection(SolutionProperties) = preSolution
		HideSolutionNode = FALSE
	EndGlobalSection
	GlobalSection(ExtensibilityGlobals) = postSolution
		SolutionGuid = {00E9FAE5-966C-46F4-A08D-6C79627E0A7E}
	EndGlobalSection
EndGlobal
